
Microsoft Visual Studio Solution File, Format Version 12.00
# Visual Studio Version 17
VisualStudioVersion = 17.14.36109.1 d17.14
MinimumVisualStudioVersion = 10.0.40219.1
Project("{FAE04EC0-301F-11D3-BF4B-00C04F79EFBC}") = "AshborneGame", "..\..\C# Projects\AshborneGame\AshborneGame\AshborneGame.csproj", "{FF42BD31-590B-4674-A2D8-3996E47139DA}"
EndProject
Global
	GlobalSection(SolutionConfigurationPlatforms) = preSolution
		Debug|Any CPU = Debug|Any CPU
		Release|Any CPU = Release|Any CPU
	EndGlobalSection
	GlobalSection(ProjectConfigurationPlatforms) = postSolution
		{FF42BD31-590B-4674-A2D8-3996E47139DA}.Debug|Any CPU.ActiveCfg = Debug|Any CPU
		{FF42BD31-590B-4674-A2D8-3996E47139DA}.Debug|Any CPU.Build.0 = Debug|Any CPU
		{FF42BD31-590B-4674-A2D8-3996E47139DA}.Release|Any CPU.ActiveCfg = Release|Any CPU
		{FF42BD31-590B-4674-A2D8-3996E47139DA}.Release|Any CPU.Build.0 = Release|Any CPU
	EndGlobalSection
	GlobalSection(SolutionProperties) = preSolution
		HideSolutionNode = FALSE
	EndGlobalSection
	GlobalSection(ExtensibilityGlobals) = postSolution
		SolutionGuid = {ADDCCA32-25A2-4E2F-992D-58491E9B7FB8}
	EndGlobalSection
EndGlobal
